Microsoft Visual Studio Solution File, Format Version 11.00
# Visual Studio 2008

Project("{E2031B55-14E6-30CA-9EAE-BC2DDCF0FE56}") = "Animé - exp", "Assembly-CSharp.csproj", "{70E97311-308D-D8A3-B571-3B9BDD949E1F}"
EndProject
Project("{E2031B55-14E6-30CA-9EAE-BC2DDCF0FE56}") = "Animé - exp", "Assembly-UnityScript.unityproj", "{6F9AD121-1FD3-031C-9472-D7CFDC729C5D}"
EndProject
Global
	GlobalSection(SolutionConfigurationPlatforms) = preSolution
		Debug|Any CPU = Debug|Any CPU
		Release|Any CPU = Release|Any CPU
	EndGlobalSection
	GlobalSection(ProjectConfigurationPlatforms) = postSolution
		{70E97311-308D-D8A3-B571-3B9BDD949E1F}.Debug|Any CPU.ActiveCfg = Debug|Any CPU
		{70E97311-308D-D8A3-B571-3B9BDD949E1F}.Debug|Any CPU.Build.0 = Debug|Any CPU
		{70E97311-308D-D8A3-B571-3B9BDD949E1F}.Release|Any CPU.ActiveCfg = Release|Any CPU
		{70E97311-308D-D8A3-B571-3B9BDD949E1F}.Release|Any CPU.Build.0 = Release|Any CPU
		{6F9AD121-1FD3-031C-9472-D7CFDC729C5D}.Debug|Any CPU.ActiveCfg = Debug|Any CPU
		{6F9AD121-1FD3-031C-9472-D7CFDC729C5D}.Debug|Any CPU.Build.0 = Debug|Any CPU
		{6F9AD121-1FD3-031C-9472-D7CFDC729C5D}.Release|Any CPU.ActiveCfg = Release|Any CPU
		{6F9AD121-1FD3-031C-9472-D7CFDC729C5D}.Release|Any CPU.Build.0 = Release|Any CPU
	EndGlobalSection
	GlobalSection(SolutionProperties) = preSolution
		HideSolutionNode = FALSE
	EndGlobalSection
																																																												GlobalSection(MonoDevelopProperties) = preSolution
		StartupItem = Assembly-CSharp.csproj
		Policies = $0
		$0.TextStylePolicy = $1
		$1.inheritsSet = null
		$1.scope = text/x-csharp
		$0.CSharpFormattingPolicy = $2
		$2.inheritsSet = Mono
		$2.inheritsScope = text/x-csharp
		$2.scope = text/x-csharp
		$0.TextStylePolicy = $3
		$3.FileWidth = 120
		$3.TabWidth = 4
		$3.IndentWidth = 4
		$3.EolMarker = Unix
		$3.inheritsSet = Mono
		$3.inheritsScope = text/plain
		$3.scope = text/plain
	EndGlobalSection

EndGlobal
